// !$*UTF8*$!
{
	archiveVersion = 1;
	classes = {
	};
	objectVersion = 56;
	objects = {

/* Begin PBXBuildFile section */
		CC0725692B654830000D8780 /* ContentView.swift in Sources */ = {isa = PBXBuildFile; fileRef = CC0725682B654830000D8780 /* ContentView.swift */; };
		CC07256B2B654831000D8780 /* Assets.xcassets in Resources */ = {isa = PBXBuildFile; fileRef = CC07256A2B654831000D8780 /* Assets.xcassets */; };
		CC07256E2B654831000D8780 /* Preview Assets.xcassets in Resources */ = {isa = PBXBuildFile; fileRef = CC07256D2B654831000D8780 /* Preview Assets.xcassets */; };
		CC0725732B6549D3000D8780 /* LandmarksApp.swift in Sources */ = {isa = PBXBuildFile; fileRef = CC76C4CE2AE95B52007D5433 /* LandmarksApp.swift */; };
		CC0725742B6549D3000D8780 /* hikeData.json in Resources */ = {isa = PBXBuildFile; fileRef = CCF2A41F2B18DE53000C405C /* hikeData.json */; };
		CC0725752B6549D3000D8780 /* Landmark.swift in Sources */ = {isa = PBXBuildFile; fileRef = CC76C4E42AF29BD8007D5433 /* Landmark.swift */; };
		CC0725762B6549D3000D8780 /* FavoriteButton.swift in Sources */ = {isa = PBXBuildFile; fileRef = CCF2A4102B08FD65000C405C /* FavoriteButton.swift */; };
		CC0725772B6549D3000D8780 /* Assets.xcassets in Resources */ = {isa = PBXBuildFile; fileRef = CC76C4D22AE95B53007D5433 /* Assets.xcassets */; };
		CC0725782B6549D3000D8780 /* Hike.swift in Sources */ = {isa = PBXBuildFile; fileRef = CCF2A4212B18DE7D000C405C /* Hike.swift */; };
		CC0725792B6549D3000D8780 /* Profile.swift in Sources */ = {isa = PBXBuildFile; fileRef = CCF2A4332B2F2EF1000C405C /* Profile.swift */; };
		CC07257A2B6549D3000D8780 /* LandmarkList.swift in Sources */ = {isa = PBXBuildFile; fileRef = CC76C4ED2AF542D2007D5433 /* LandmarkList.swift */; };
		CC07257B2B6549D3000D8780 /* CircleImage.swift in Sources */ = {isa = PBXBuildFile; fileRef = CC76C4DC2AEEA9AF007D5433 /* CircleImage.swift */; };
		CC07257C2B6549D3000D8780 /* ModelData.swift in Sources */ = {isa = PBXBuildFile; fileRef = CC76C4E62AF2A22F007D5433 /* ModelData.swift */; };
		CC07257D2B6549D3000D8780 /* LandmarkRow.swift in Sources */ = {isa = PBXBuildFile; fileRef = CC76C4EB2AF3EEDC007D5433 /* LandmarkRow.swift */; };
		CC07257E2B6549D3000D8780 /* MapView.swift in Sources */ = {isa = PBXBuildFile; fileRef = CC76C4DE2AEFEFD6007D5433 /* MapView.swift */; };
		CC07257F2B6549D3000D8780 /* landmarkData.json in Resources */ = {isa = PBXBuildFile; fileRef = CC76C4E22AF29BB9007D5433 /* landmarkData.json */; };
		CC0725812B6694AD000D8780 /* LandmarkDetail.swift in Sources */ = {isa = PBXBuildFile; fileRef = CC0725802B6694AD000D8780 /* LandmarkDetail.swift */; };
		CC5A187B2B8B816F009C9987 /* LandmarkList.swift in Sources */ = {isa = PBXBuildFile; fileRef = CC5A187A2B8B816F009C9987 /* LandmarkList.swift */; };
		CC5A187E2B8F8A21009C9987 /* LandmarkCommands.swift in Sources */ = {isa = PBXBuildFile; fileRef = CC5A187D2B8F8A21009C9987 /* LandmarkCommands.swift */; };
		CC5A187F2B8F8A21009C9987 /* LandmarkCommands.swift in Sources */ = {isa = PBXBuildFile; fileRef = CC5A187D2B8F8A21009C9987 /* LandmarkCommands.swift */; };
		CC76C4CF2AE95B52007D5433 /* LandmarksApp.swift in Sources */ = {isa = PBXBuildFile; fileRef = CC76C4CE2AE95B52007D5433 /* LandmarksApp.swift */; };
		CC76C4D12AE95B52007D5433 /* ContentView.swift in Sources */ = {isa = PBXBuildFile; fileRef = CC76C4D02AE95B52007D5433 /* ContentView.swift */; };
		CC76C4D32AE95B53007D5433 /* Assets.xcassets in Resources */ = {isa = PBXBuildFile; fileRef = CC76C4D22AE95B53007D5433 /* Assets.xcassets */; };
		CC76C4D62AE95B53007D5433 /* Preview Assets.xcassets in Resources */ = {isa = PBXBuildFile; fileRef = CC76C4D52AE95B53007D5433 /* Preview Assets.xcassets */; };
		CC76C4DD2AEEA9AF007D5433 /* CircleImage.swift in Sources */ = {isa = PBXBuildFile; fileRef = CC76C4DC2AEEA9AF007D5433 /* CircleImage.swift */; };
		CC76C4DF2AEFEFD6007D5433 /* MapView.swift in Sources */ = {isa = PBXBuildFile; fileRef = CC76C4DE2AEFEFD6007D5433 /* MapView.swift */; };
		CC76C4E32AF29BB9007D5433 /* landmarkData.json in Resources */ = {isa = PBXBuildFile; fileRef = CC76C4E22AF29BB9007D5433 /* landmarkData.json */; };
		CC76C4E52AF29BD8007D5433 /* Landmark.swift in Sources */ = {isa = PBXBuildFile; fileRef = CC76C4E42AF29BD8007D5433 /* Landmark.swift */; };
		CC76C4E72AF2A22F007D5433 /* ModelData.swift in Sources */ = {isa = PBXBuildFile; fileRef = CC76C4E62AF2A22F007D5433 /* ModelData.swift */; };
		CC76C4EC2AF3EEDC007D5433 /* LandmarkRow.swift in Sources */ = {isa = PBXBuildFile; fileRef = CC76C4EB2AF3EEDC007D5433 /* LandmarkRow.swift */; };
		CC76C4EE2AF542D2007D5433 /* LandmarkList.swift in Sources */ = {isa = PBXBuildFile; fileRef = CC76C4ED2AF542D2007D5433 /* LandmarkList.swift */; };
		CC76C4F02AF6899A007D5433 /* LandmarkDetail.swift in Sources */ = {isa = PBXBuildFile; fileRef = CC76C4EF2AF6899A007D5433 /* LandmarkDetail.swift */; };
		CC92DAF92B63FAA600806987 /* NotificationView.swift in Sources */ = {isa = PBXBuildFile; fileRef = CC92DAF82B63FAA600806987 /* NotificationView.swift */; };
		CC92DAFB2B63FE2300806987 /* NotificationController.swift in Sources */ = {isa = PBXBuildFile; fileRef = CC92DAFA2B63FE2300806987 /* NotificationController.swift */; };
		CCCABADD2B49A88800D843CD /* LandmarkRow.swift in Sources */ = {isa = PBXBuildFile; fileRef = CC76C4EB2AF3EEDC007D5433 /* LandmarkRow.swift */; };
		CCCABADE2B49A88800D843CD /* CircleImage.swift in Sources */ = {isa = PBXBuildFile; fileRef = CC76C4DC2AEEA9AF007D5433 /* CircleImage.swift */; };
		CCCABADF2B49A88800D843CD /* Assets.xcassets in Resources */ = {isa = PBXBuildFile; fileRef = CC76C4D22AE95B53007D5433 /* Assets.xcassets */; };
		CCCABAE02B49A88800D843CD /* hikeData.json in Resources */ = {isa = PBXBuildFile; fileRef = CCF2A41F2B18DE53000C405C /* hikeData.json */; };
		CCCABAE12B49A88800D843CD /* MapView.swift in Sources */ = {isa = PBXBuildFile; fileRef = CC76C4DE2AEFEFD6007D5433 /* MapView.swift */; };
		CCCABAE22B49A88800D843CD /* landmarkData.json in Resources */ = {isa = PBXBuildFile; fileRef = CC76C4E22AF29BB9007D5433 /* landmarkData.json */; };
		CCCABAE32B49A88800D843CD /* LandmarksApp.swift in Sources */ = {isa = PBXBuildFile; fileRef = CC76C4CE2AE95B52007D5433 /* LandmarksApp.swift */; };
		CCCABAE42B49A88800D843CD /* Hike.swift in Sources */ = {isa = PBXBuildFile; fileRef = CCF2A4212B18DE7D000C405C /* Hike.swift */; };
		CCCABAE62B49A88800D843CD /* ModelData.swift in Sources */ = {isa = PBXBuildFile; fileRef = CC76C4E62AF2A22F007D5433 /* ModelData.swift */; };
		CCCABAE72B49A88800D843CD /* Profile.swift in Sources */ = {isa = PBXBuildFile; fileRef = CCF2A4332B2F2EF1000C405C /* Profile.swift */; };
		CCCABAE82B49A88800D843CD /* Landmark.swift in Sources */ = {isa = PBXBuildFile; fileRef = CC76C4E42AF29BD8007D5433 /* Landmark.swift */; };
		CCCABAEA2B5190B800D843CD /* LandmarkDetail.swift in Sources */ = {isa = PBXBuildFile; fileRef = CCCABAE92B5190B800D843CD /* LandmarkDetail.swift */; };
		CCF2A4112B08FD65000C405C /* FavoriteButton.swift in Sources */ = {isa = PBXBuildFile; fileRef = CCF2A4102B08FD65000C405C /* FavoriteButton.swift */; };
		CCF2A4152B0A5291000C405C /* HexagonParameters.swift in Sources */ = {isa = PBXBuildFile; fileRef = CCF2A4142B0A5291000C405C /* HexagonParameters.swift */; };
		CCF2A4172B0BAB4F000C405C /* BadgeBackground.swift in Sources */ = {isa = PBXBuildFile; fileRef = CCF2A4162B0BAB4F000C405C /* BadgeBackground.swift */; };
		CCF2A4192B124DB1000C405C /* BadgeSymbol.swift in Sources */ = {isa = PBXBuildFile; fileRef = CCF2A4182B124DB1000C405C /* BadgeSymbol.swift */; };
		CCF2A41B2B124FE7000C405C /* RotatedBadgeSymbol.swift in Sources */ = {isa = PBXBuildFile; fileRef = CCF2A41A2B124FE7000C405C /* RotatedBadgeSymbol.swift */; };
		CCF2A41D2B13823D000C405C /* Badge.swift in Sources */ = {isa = PBXBuildFile; fileRef = CCF2A41C2B13823D000C405C /* Badge.swift */; };
		CCF2A4202B18DE53000C405C /* hikeData.json in Resources */ = {isa = PBXBuildFile; fileRef = CCF2A41F2B18DE53000C405C /* hikeData.json */; };
		CCF2A4222B18DE7D000C405C /* Hike.swift in Sources */ = {isa = PBXBuildFile; fileRef = CCF2A4212B18DE7D000C405C /* Hike.swift */; };
		CCF2A4282B18E1CC000C405C /* GraphCapsule.swift in Sources */ = {isa = PBXBuildFile; fileRef = CCF2A4242B18E1CC000C405C /* GraphCapsule.swift */; };
		CCF2A4292B18E1CC000C405C /* HikeGraph.swift in Sources */ = {isa = PBXBuildFile; fileRef = CCF2A4252B18E1CC000C405C /* HikeGraph.swift */; };
		CCF2A42A2B18E1CC000C405C /* HikeDetail.swift in Sources */ = {isa = PBXBuildFile; fileRef = CCF2A4262B18E1CC000C405C /* HikeDetail.swift */; };
		CCF2A42B2B18E1CC000C405C /* HikeView.swift in Sources */ = {isa = PBXBuildFile; fileRef = CCF2A4272B18E1CC000C405C /* HikeView.swift */; };
		CCF2A42E2B260F62000C405C /* CategoryHome.swift in Sources */ = {isa = PBXBuildFile; fileRef = CCF2A42D2B260F62000C405C /* CategoryHome.swift */; };
		CCF2A4302B28B46B000C405C /* CategoryRow.swift in Sources */ = {isa = PBXBuildFile; fileRef = CCF2A42F2B28B46B000C405C /* CategoryRow.swift */; };
		CCF2A4322B28B853000C405C /* CategoryItem.swift in Sources */ = {isa = PBXBuildFile; fileRef = CCF2A4312B28B853000C405C /* CategoryItem.swift */; };
		CCF2A4342B2F2EF1000C405C /* Profile.swift in Sources */ = {isa = PBXBuildFile; fileRef = CCF2A4332B2F2EF1000C405C /* Profile.swift */; };
		CCF2A4392B2F34F9000C405C /* ProfileHost.swift in Sources */ = {isa = PBXBuildFile; fileRef = CCF2A4382B2F34F9000C405C /* ProfileHost.swift */; };
		CCF2A43B2B2F359A000C405C /* ProfileSummary.swift in Sources */ = {isa = PBXBuildFile; fileRef = CCF2A43A2B2F359A000C405C /* ProfileSummary.swift */; };
		CCF2A43D2B2F3B44000C405C /* HikeBadge.swift in Sources */ = {isa = PBXBuildFile; fileRef = CCF2A43C2B2F3B44000C405C /* HikeBadge.swift */; };
		CCF2A43F2B31E3B9000C405C /* ProfileEditor.swift in Sources */ = {isa = PBXBuildFile; fileRef = CCF2A43E2B31E3B9000C405C /* ProfileEditor.swift */; };
		CCF2A4422B348D55000C405C /* PageViewController.swift in Sources */ = {isa = PBXBuildFile; fileRef = CCF2A4412B348D55000C405C /* PageViewController.swift */; };
		CCF2A4442B349242000C405C /* FeatureCard.swift in Sources */ = {isa = PBXBuildFile; fileRef = CCF2A4432B349242000C405C /* FeatureCard.swift */; };
		CCF2A4462B349480000C405C /* PageView.swift in Sources */ = {isa = PBXBuildFile; fileRef = CCF2A4452B349480000C405C /* PageView.swift */; };
		CCF2A4482B39BEA8000C405C /* PageControl.swift in Sources */ = {isa = PBXBuildFile; fileRef = CCF2A4472B39BEA8000C405C /* PageControl.swift */; };
		CCF2A46E2B3B2A1F000C405C /* ContentView.swift in Sources */ = {isa = PBXBuildFile; fileRef = CCF2A46D2B3B2A1F000C405C /* ContentView.swift */; };
		CCF2A4702B3B2A20000C405C /* Assets.xcassets in Resources */ = {isa = PBXBuildFile; fileRef = CCF2A46F2B3B2A20000C405C /* Assets.xcassets */; };
		CCF2A4732B3B2A20000C405C /* Preview Assets.xcassets in Resources */ = {isa = PBXBuildFile; fileRef = CCF2A4722B3B2A20000C405C /* Preview Assets.xcassets */; };
		CCF2A4762B3B2A20000C405C /* WatchLandmarks Watch App.app in Embed Watch Content */ = {isa = PBXBuildFile; fileRef = CCF2A4692B3B2A1F000C405C /* WatchLandmarks Watch App.app */; settings = {ATTRIBUTES = (RemoveHeadersOnCopy, ); }; };
/* End PBXBuildFile section */

/* Begin PBXContainerItemProxy section */
		CCF2A4742B3B2A20000C405C /* PBXContainerItemProxy */ = {
			isa = PBXContainerItemProxy;
			containerPortal = CC76C4C32AE95B52007D5433 /* Project object */;
			proxyType = 1;
			remoteGlobalIDString = CCF2A4682B3B2A1F000C405C;
			remoteInfo = "WatchLandmarks Watch App";
		};
/* End PBXContainerItemProxy section */

/* Begin PBXCopyFilesBuildPhase section */
		CCF2A4772B3B2A20000C405C /* Embed Watch Content */ = {
			isa = PBXCopyFilesBuildPhase;
			buildActionMask = 2147483647;
			dstPath = "$(CONTENTS_FOLDER_PATH)/Watch";
			dstSubfolderSpec = 16;
			files = (
				CCF2A4762B3B2A20000C405C /* WatchLandmarks Watch App.app in Embed Watch Content */,
			);
			name = "Embed Watch Content";
			runOnlyForDeploymentPostprocessing = 0;
		};
/* End PBXCopyFilesBuildPhase section */

/* Begin PBXFileReference section */
		CC0725642B654830000D8780 /* MacLandmarks.app */ = {isa = PBXFileReference; explicitFileType = wrapper.application; includeInIndex = 0; path = MacLandmarks.app; sourceTree = BUILT_PRODUCTS_DIR; };
		CC0725682B654830000D8780 /* ContentView.swift */ = {isa = PBXFileReference; lastKnownFileType = sourcecode.swift; path = ContentView.swift; sourceTree = "<group>"; };
		CC07256A2B654831000D8780 /* Assets.xcassets */ = {isa = PBXFileReference; lastKnownFileType = folder.assetcatalog; path = Assets.xcassets; sourceTree = "<group>"; };
		CC07256D2B654831000D8780 /* Preview Assets.xcassets */ = {isa = PBXFileReference; lastKnownFileType = folder.assetcatalog; path = "Preview Assets.xcassets"; sourceTree = "<group>"; };
		CC07256F2B654831000D8780 /* MacLandmarks.entitlements */ = {isa = PBXFileReference; lastKnownFileType = text.plist.entitlements; path = MacLandmarks.entitlements; sourceTree = "<group>"; };
		CC0725802B6694AD000D8780 /* LandmarkDetail.swift */ = {isa = PBXFileReference; lastKnownFileType = sourcecode.swift; path = LandmarkDetail.swift; sourceTree = "<group>"; };
		CC5A187A2B8B816F009C9987 /* LandmarkList.swift */ = {isa = PBXFileReference; lastKnownFileType = sourcecode.swift; path = LandmarkList.swift; sourceTree = "<group>"; };
		CC5A187D2B8F8A21009C9987 /* LandmarkCommands.swift */ = {isa = PBXFileReference; lastKnownFileType = sourcecode.swift; path = LandmarkCommands.swift; sourceTree = "<group>"; };
		CC76C4CB2AE95B52007D5433 /* Landmarks.app */ = {isa = PBXFileReference; explicitFileType = wrapper.application; includeInIndex = 0; path = Landmarks.app; sourceTree = BUILT_PRODUCTS_DIR; };
		CC76C4CE2AE95B52007D5433 /* LandmarksApp.swift */ = {isa = PBXFileReference; lastKnownFileType = sourcecode.swift; path = LandmarksApp.swift; sourceTree = "<group>"; };
		CC76C4D02AE95B52007D5433 /* ContentView.swift */ = {isa = PBXFileReference; lastKnownFileType = sourcecode.swift; path = ContentView.swift; sourceTree = "<group>"; };
		CC76C4D22AE95B53007D5433 /* Assets.xcassets */ = {isa = PBXFileReference; lastKnownFileType = folder.assetcatalog; path = Assets.xcassets; sourceTree = "<group>"; };
		CC76C4D52AE95B53007D5433 /* Preview Assets.xcassets */ = {isa = PBXFileReference; lastKnownFileType = folder.assetcatalog; path = "Preview Assets.xcassets"; sourceTree = "<group>"; };
		CC76C4DC2AEEA9AF007D5433 /* CircleImage.swift */ = {isa = PBXFileReference; lastKnownFileType = sourcecode.swift; path = CircleImage.swift; sourceTree = "<group>"; };
		CC76C4DE2AEFEFD6007D5433 /* MapView.swift */ = {isa = PBXFileReference; lastKnownFileType = sourcecode.swift; path = MapView.swift; sourceTree = "<group>"; };
		CC76C4E22AF29BB9007D5433 /* landmarkData.json */ = {isa = PBXFileReference; fileEncoding = 4; lastKnownFileType = text.json; path = landmarkData.json; sourceTree = "<group>"; };
		CC76C4E42AF29BD8007D5433 /* Landmark.swift */ = {isa = PBXFileReference; lastKnownFileType = sourcecode.swift; path = Landmark.swift; sourceTree = "<group>"; };
		CC76C4E62AF2A22F007D5433 /* ModelData.swift */ = {isa = PBXFileReference; lastKnownFileType = sourcecode.swift; path = ModelData.swift; sourceTree = "<group>"; };
		CC76C4EB2AF3EEDC007D5433 /* LandmarkRow.swift */ = {isa = PBXFileReference; lastKnownFileType = sourcecode.swift; path = LandmarkRow.swift; sourceTree = "<group>"; };
		CC76C4ED2AF542D2007D5433 /* LandmarkList.swift */ = {isa = PBXFileReference; lastKnownFileType = sourcecode.swift; path = LandmarkList.swift; sourceTree = "<group>"; };
		CC76C4EF2AF6899A007D5433 /* LandmarkDetail.swift */ = {isa = PBXFileReference; lastKnownFileType = sourcecode.swift; path = LandmarkDetail.swift; sourceTree = "<group>"; };
		CC92DAF82B63FAA600806987 /* NotificationView.swift */ = {isa = PBXFileReference; lastKnownFileType = sourcecode.swift; path = NotificationView.swift; sourceTree = "<group>"; };
		CC92DAFA2B63FE2300806987 /* NotificationController.swift */ = {isa = PBXFileReference; lastKnownFileType = sourcecode.swift; path = NotificationController.swift; sourceTree = "<group>"; };
		CC92DAFC2B6402FF00806987 /* PushNotificationPayload.apns */ = {isa = PBXFileReference; lastKnownFileType = text; path = PushNotificationPayload.apns; sourceTree = "<group>"; };
		CCCABAE92B5190B800D843CD /* LandmarkDetail.swift */ = {isa = PBXFileReference; lastKnownFileType = sourcecode.swift; path = LandmarkDetail.swift; sourceTree = "<group>"; };
		CCF2A4102B08FD65000C405C /* FavoriteButton.swift */ = {isa = PBXFileReference; lastKnownFileType = sourcecode.swift; path = FavoriteButton.swift; sourceTree = "<group>"; };
		CCF2A4142B0A5291000C405C /* HexagonParameters.swift */ = {isa = PBXFileReference; lastKnownFileType = sourcecode.swift; path = HexagonParameters.swift; sourceTree = "<group>"; };
		CCF2A4162B0BAB4F000C405C /* BadgeBackground.swift */ = {isa = PBXFileReference; lastKnownFileType = sourcecode.swift; path = BadgeBackground.swift; sourceTree = "<group>"; };
		CCF2A4182B124DB1000C405C /* BadgeSymbol.swift */ = {isa = PBXFileReference; lastKnownFileType = sourcecode.swift; path = BadgeSymbol.swift; sourceTree = "<group>"; };
		CCF2A41A2B124FE7000C405C /* RotatedBadgeSymbol.swift */ = {isa = PBXFileReference; lastKnownFileType = sourcecode.swift; path = RotatedBadgeSymbol.swift; sourceTree = "<group>"; };
		CCF2A41C2B13823D000C405C /* Badge.swift */ = {isa = PBXFileReference; lastKnownFileType = sourcecode.swift; path = Badge.swift; sourceTree = "<group>"; };
		CCF2A41F2B18DE53000C405C /* hikeData.json */ = {isa = PBXFileReference; fileEncoding = 4; lastKnownFileType = text.json; path = hikeData.json; sourceTree = "<group>"; };
		CCF2A4212B18DE7D000C405C /* Hike.swift */ = {isa = PBXFileReference; lastKnownFileType = sourcecode.swift; path = Hike.swift; sourceTree = "<group>"; };
		CCF2A4242B18E1CC000C405C /* GraphCapsule.swift */ = {isa = PBXFileReference; fileEncoding = 4; lastKnownFileType = sourcecode.swift; path = GraphCapsule.swift; sourceTree = "<group>"; };
		CCF2A4252B18E1CC000C405C /* HikeGraph.swift */ = {isa = PBXFileReference; fileEncoding = 4; lastKnownFileType = sourcecode.swift; path = HikeGraph.swift; sourceTree = "<group>"; };
		CCF2A4262B18E1CC000C405C /* HikeDetail.swift */ = {isa = PBXFileReference; fileEncoding = 4; lastKnownFileType = sourcecode.swift; path = HikeDetail.swift; sourceTree = "<group>"; };
		CCF2A4272B18E1CC000C405C /* HikeView.swift */ = {isa = PBXFileReference; fileEncoding = 4; lastKnownFileType = sourcecode.swift; path = HikeView.swift; sourceTree = "<group>"; };
		CCF2A42D2B260F62000C405C /* CategoryHome.swift */ = {isa = PBXFileReference; lastKnownFileType = sourcecode.swift; path = CategoryHome.swift; sourceTree = "<group>"; };
		CCF2A42F2B28B46B000C405C /* CategoryRow.swift */ = {isa = PBXFileReference; lastKnownFileType = sourcecode.swift; path = CategoryRow.swift; sourceTree = "<group>"; };
		CCF2A4312B28B853000C405C /* CategoryItem.swift */ = {isa = PBXFileReference; lastKnownFileType = sourcecode.swift; path = CategoryItem.swift; sourceTree = "<group>"; };
		CCF2A4332B2F2EF1000C405C /* Profile.swift */ = {isa = PBXFileReference; lastKnownFileType = sourcecode.swift; path = Profile.swift; sourceTree = "<group>"; };
		CCF2A4382B2F34F9000C405C /* ProfileHost.swift */ = {isa = PBXFileReference; lastKnownFileType = sourcecode.swift; path = ProfileHost.swift; sourceTree = "<group>"; };
		CCF2A43A2B2F359A000C405C /* ProfileSummary.swift */ = {isa = PBXFileReference; lastKnownFileType = sourcecode.swift; path = ProfileSummary.swift; sourceTree = "<group>"; };
		CCF2A43C2B2F3B44000C405C /* HikeBadge.swift */ = {isa = PBXFileReference; lastKnownFileType = sourcecode.swift; path = HikeBadge.swift; sourceTree = "<group>"; };
		CCF2A43E2B31E3B9000C405C /* ProfileEditor.swift */ = {isa = PBXFileReference; lastKnownFileType = sourcecode.swift; path = ProfileEditor.swift; sourceTree = "<group>"; };
		CCF2A4412B348D55000C405C /* PageViewController.swift */ = {isa = PBXFileReference; lastKnownFileType = sourcecode.swift; path = PageViewController.swift; sourceTree = "<group>"; };
		CCF2A4432B349242000C405C /* FeatureCard.swift */ = {isa = PBXFileReference; lastKnownFileType = sourcecode.swift; path = FeatureCard.swift; sourceTree = "<group>"; };
		CCF2A4452B349480000C405C /* PageView.swift */ = {isa = PBXFileReference; lastKnownFileType = sourcecode.swift; path = PageView.swift; sourceTree = "<group>"; };
		CCF2A4472B39BEA8000C405C /* PageControl.swift */ = {isa = PBXFileReference; lastKnownFileType = sourcecode.swift; path = PageControl.swift; sourceTree = "<group>"; };
		CCF2A4692B3B2A1F000C405C /* WatchLandmarks Watch App.app */ = {isa = PBXFileReference; explicitFileType = wrapper.application; includeInIndex = 0; path = "WatchLandmarks Watch App.app"; sourceTree = BUILT_PRODUCTS_DIR; };
		CCF2A46D2B3B2A1F000C405C /* ContentView.swift */ = {isa = PBXFileReference; lastKnownFileType = sourcecode.swift; path = ContentView.swift; sourceTree = "<group>"; };
		CCF2A46F2B3B2A20000C405C /* Assets.xcassets */ = {isa = PBXFileReference; lastKnownFileType = folder.assetcatalog; path = Assets.xcassets; sourceTree = "<group>"; };
		CCF2A4722B3B2A20000C405C /* Preview Assets.xcassets */ = {isa = PBXFileReference; lastKnownFileType = folder.assetcatalog; path = "Preview Assets.xcassets"; sourceTree = "<group>"; };
/* End PBXFileReference section */

/* Begin PBXFrameworksBuildPhase section */
		CC0725612B654830000D8780 /* Frameworks */ = {
			isa = PBXFrameworksBuildPhase;
			buildActionMask = 2147483647;
			files = (
			);
			runOnlyForDeploymentPostprocessing = 0;
		};
		CC76C4C82AE95B52007D5433 /* Frameworks */ = {
			isa = PBXFrameworksBuildPhase;
			buildActionMask = 2147483647;
			files = (
			);
			runOnlyForDeploymentPostprocessing = 0;
		};
		CCF2A4662B3B2A1F000C405C /* Frameworks */ = {
			isa = PBXFrameworksBuildPhase;
			buildActionMask = 2147483647;
			files = (
			);
			runOnlyForDeploymentPostprocessing = 0;
		};
/* End PBXFrameworksBuildPhase section */

/* Begin PBXGroup section */
		CC0725652B654830000D8780 /* MacLandmarks */ = {
			isa = PBXGroup;
			children = (
				CC5A187D2B8F8A21009C9987 /* LandmarkCommands.swift */,
				CC0725682B654830000D8780 /* ContentView.swift */,
				CC0725802B6694AD000D8780 /* LandmarkDetail.swift */,
				CC07256A2B654831000D8780 /* Assets.xcassets */,
				CC07256F2B654831000D8780 /* MacLandmarks.entitlements */,
				CC07256C2B654831000D8780 /* Preview Content */,
			);
			path = MacLandmarks;
			sourceTree = "<group>";
		};
		CC07256C2B654831000D8780 /* Preview Content */ = {
			isa = PBXGroup;
			children = (
				CC07256D2B654831000D8780 /* Preview Assets.xcassets */,
			);
			path = "Preview Content";
			sourceTree = "<group>";
		};
		CC76C4C22AE95B52007D5433 = {
			isa = PBXGroup;
			children = (
				CC76C4CD2AE95B52007D5433 /* Landmarks */,
				CCF2A46A2B3B2A1F000C405C /* WatchLandmarks Watch App */,
				CC0725652B654830000D8780 /* MacLandmarks */,
				CC76C4CC2AE95B52007D5433 /* Products */,
			);
			sourceTree = "<group>";
		};
		CC76C4CC2AE95B52007D5433 /* Products */ = {
			isa = PBXGroup;
			children = (
				CC76C4CB2AE95B52007D5433 /* Landmarks.app */,
				CCF2A4692B3B2A1F000C405C /* WatchLandmarks Watch App.app */,
				CC0725642B654830000D8780 /* MacLandmarks.app */,
			);
			name = Products;
			sourceTree = "<group>";
		};
		CC76C4CD2AE95B52007D5433 /* Landmarks */ = {
			isa = PBXGroup;
			children = (
				CC76C4CE2AE95B52007D5433 /* LandmarksApp.swift */,
				CC76C4EA2AF2A66B007D5433 /* Resources */,
				CC76C4E82AF2A643007D5433 /* Model */,
				CC76C4E92AF2A662007D5433 /* Views */,
				CC76C4D22AE95B53007D5433 /* Assets.xcassets */,
				CC76C4D42AE95B53007D5433 /* Preview Content */,
			);
			path = Landmarks;
			sourceTree = "<group>";
		};
		CC76C4D42AE95B53007D5433 /* Preview Content */ = {
			isa = PBXGroup;
			children = (
				CC76C4D52AE95B53007D5433 /* Preview Assets.xcassets */,
			);
			path = "Preview Content";
			sourceTree = "<group>";
		};
		CC76C4E82AF2A643007D5433 /* Model */ = {
			isa = PBXGroup;
			children = (
				CC76C4E42AF29BD8007D5433 /* Landmark.swift */,
				CC76C4E62AF2A22F007D5433 /* ModelData.swift */,
				CCF2A4212B18DE7D000C405C /* Hike.swift */,
				CCF2A4332B2F2EF1000C405C /* Profile.swift */,
			);
			path = Model;
			sourceTree = "<group>";
		};
		CC76C4E92AF2A662007D5433 /* Views */ = {
			isa = PBXGroup;
			children = (
				CC76C4D02AE95B52007D5433 /* ContentView.swift */,
				CCF2A4432B349242000C405C /* FeatureCard.swift */,
				CCF2A4402B348D2B000C405C /* PageView */,
				CCF2A4352B2F34BA000C405C /* Profiles */,
				CCF2A42C2B260F28000C405C /* Categories */,
				CCF2A4232B18E1CC000C405C /* Hikes */,
				CCF2A4132B09035A000C405C /* Landmarks */,
				CCF2A41E2B138601000C405C /* Badges */,
				CCF2A4122B09034E000C405C /* Helpers */,
			);
			path = Views;
			sourceTree = "<group>";
		};
		CC76C4EA2AF2A66B007D5433 /* Resources */ = {
			isa = PBXGroup;
			children = (
				CC76C4E22AF29BB9007D5433 /* landmarkData.json */,
				CCF2A41F2B18DE53000C405C /* hikeData.json */,
			);
			path = Resources;
			sourceTree = "<group>";
		};
		CCF2A4122B09034E000C405C /* Helpers */ = {
			isa = PBXGroup;
			children = (
				CCF2A4102B08FD65000C405C /* FavoriteButton.swift */,
				CC76C4DC2AEEA9AF007D5433 /* CircleImage.swift */,
				CC76C4DE2AEFEFD6007D5433 /* MapView.swift */,
			);
			path = Helpers;
			sourceTree = "<group>";
		};
		CCF2A4132B09035A000C405C /* Landmarks */ = {
			isa = PBXGroup;
			children = (
				CC76C4ED2AF542D2007D5433 /* LandmarkList.swift */,
				CC76C4EB2AF3EEDC007D5433 /* LandmarkRow.swift */,
				CC76C4EF2AF6899A007D5433 /* LandmarkDetail.swift */,
			);
			path = Landmarks;
			sourceTree = "<group>";
		};
		CCF2A41E2B138601000C405C /* Badges */ = {
			isa = PBXGroup;
			children = (
				CCF2A4142B0A5291000C405C /* HexagonParameters.swift */,
				CCF2A4162B0BAB4F000C405C /* BadgeBackground.swift */,
				CCF2A4182B124DB1000C405C /* BadgeSymbol.swift */,
				CCF2A41A2B124FE7000C405C /* RotatedBadgeSymbol.swift */,
				CCF2A41C2B13823D000C405C /* Badge.swift */,
			);
			path = Badges;
			sourceTree = "<group>";
		};
		CCF2A4232B18E1CC000C405C /* Hikes */ = {
			isa = PBXGroup;
			children = (
				CCF2A4242B18E1CC000C405C /* GraphCapsule.swift */,
				CCF2A4252B18E1CC000C405C /* HikeGraph.swift */,
				CCF2A4262B18E1CC000C405C /* HikeDetail.swift */,
				CCF2A4272B18E1CC000C405C /* HikeView.swift */,
				CCF2A43C2B2F3B44000C405C /* HikeBadge.swift */,
			);
			path = Hikes;
			sourceTree = "<group>";
		};
		CCF2A42C2B260F28000C405C /* Categories */ = {
			isa = PBXGroup;
			children = (
				CCF2A42D2B260F62000C405C /* CategoryHome.swift */,
				CCF2A42F2B28B46B000C405C /* CategoryRow.swift */,
				CCF2A4312B28B853000C405C /* CategoryItem.swift */,
			);
			path = Categories;
			sourceTree = "<group>";
		};
		CCF2A4352B2F34BA000C405C /* Profiles */ = {
			isa = PBXGroup;
			children = (
				CCF2A4382B2F34F9000C405C /* ProfileHost.swift */,
				CCF2A43E2B31E3B9000C405C /* ProfileEditor.swift */,
				CCF2A43A2B2F359A000C405C /* ProfileSummary.swift */,
			);
			path = Profiles;
			sourceTree = "<group>";
		};
		CCF2A4402B348D2B000C405C /* PageView */ = {
			isa = PBXGroup;
			children = (
				CCF2A4452B349480000C405C /* PageView.swift */,
				CCF2A4412B348D55000C405C /* PageViewController.swift */,
				CCF2A4472B39BEA8000C405C /* PageControl.swift */,
			);
			path = PageView;
			sourceTree = "<group>";
		};
		CCF2A46A2B3B2A1F000C405C /* WatchLandmarks Watch App */ = {
			isa = PBXGroup;
			children = (
				CC92DAFC2B6402FF00806987 /* PushNotificationPayload.apns */,
				CC5A187A2B8B816F009C9987 /* LandmarkList.swift */,
				CC92DAF82B63FAA600806987 /* NotificationView.swift */,
				CC92DAFA2B63FE2300806987 /* NotificationController.swift */,
				CCF2A46D2B3B2A1F000C405C /* ContentView.swift */,
				CCCABAE92B5190B800D843CD /* LandmarkDetail.swift */,
				CCF2A46F2B3B2A20000C405C /* Assets.xcassets */,
				CCF2A4712B3B2A20000C405C /* Preview Content */,
			);
			path = "WatchLandmarks Watch App";
			sourceTree = "<group>";
		};
		CCF2A4712B3B2A20000C405C /* Preview Content */ = {
			isa = PBXGroup;
			children = (
				CCF2A4722B3B2A20000C405C /* Preview Assets.xcassets */,
			);
			path = "Preview Content";
			sourceTree = "<group>";
		};
/* End PBXGroup section */

/* Begin PBXNativeTarget section */
		CC0725632B654830000D8780 /* MacLandmarks */ = {
			isa = PBXNativeTarget;
			buildConfigurationList = CC0725722B654831000D8780 /* Build configuration list for PBXNativeTarget "MacLandmarks" */;
			buildPhases = (
				CC0725602B654830000D8780 /* Sources */,
				CC0725612B654830000D8780 /* Frameworks */,
				CC0725622B654830000D8780 /* Resources */,
			);
			buildRules = (
			);
			dependencies = (
			);
			name = MacLandmarks;
			productName = MacLandmarks;
			productReference = CC0725642B654830000D8780 /* MacLandmarks.app */;
			productType = "com.apple.product-type.application";
		};
		CC76C4CA2AE95B52007D5433 /* Landmarks */ = {
			isa = PBXNativeTarget;
			buildConfigurationList = CC76C4D92AE95B53007D5433 /* Build configuration list for PBXNativeTarget "Landmarks" */;
			buildPhases = (
				CC76C4C72AE95B52007D5433 /* Sources */,
				CC76C4C82AE95B52007D5433 /* Frameworks */,
				CC76C4C92AE95B52007D5433 /* Resources */,
				CCF2A4772B3B2A20000C405C /* Embed Watch Content */,
			);
			buildRules = (
			);
			dependencies = (
				CCF2A4752B3B2A20000C405C /* PBXTargetDependency */,
			);
			name = Landmarks;
			productName = Landmarks;
			productReference = CC76C4CB2AE95B52007D5433 /* Landmarks.app */;
			productType = "com.apple.product-type.application";
		};
		CCF2A4682B3B2A1F000C405C /* WatchLandmarks Watch App */ = {
			isa = PBXNativeTarget;
			buildConfigurationList = CCF2A47A2B3B2A20000C405C /* Build configuration list for PBXNativeTarget "WatchLandmarks Watch App" */;
			buildPhases = (
				CCF2A4652B3B2A1F000C405C /* Sources */,
				CCF2A4662B3B2A1F000C405C /* Frameworks */,
				CCF2A4672B3B2A1F000C405C /* Resources */,
			);
			buildRules = (
			);
			dependencies = (
			);
			name = "WatchLandmarks Watch App";
			productName = "WatchLandmarks Watch App";
			productReference = CCF2A4692B3B2A1F000C405C /* WatchLandmarks Watch App.app */;
			productType = "com.apple.product-type.application";
		};
/* End PBXNativeTarget section */

/* Begin PBXProject section */
		CC76C4C32AE95B52007D5433 /* Project object */ = {
			isa = PBXProject;
			attributes = {
				BuildIndependentTargetsInParallel = 1;
				LastSwiftUpdateCheck = 1520;
				LastUpgradeCheck = 1520;
				TargetAttributes = {
					CC0725632B654830000D8780 = {
						CreatedOnToolsVersion = 15.2;
					};
					CC76C4CA2AE95B52007D5433 = {
						CreatedOnToolsVersion = 14.3.1;
					};
					CCF2A4682B3B2A1F000C405C = {
						CreatedOnToolsVersion = 15.0.1;
					};
				};
			};
			buildConfigurationList = CC76C4C62AE95B52007D5433 /* Build configuration list for PBXProject "Landmarks" */;
			compatibilityVersion = "Xcode 14.0";
			developmentRegion = en;
			hasScannedForEncodings = 0;
			knownRegions = (
				en,
				Base,
			);
			mainGroup = CC76C4C22AE95B52007D5433;
			productRefGroup = CC76C4CC2AE95B52007D5433 /* Products */;
			projectDirPath = "";
			projectRoot = "";
			targets = (
				CC76C4CA2AE95B52007D5433 /* Landmarks */,
				CCF2A4682B3B2A1F000C405C /* WatchLandmarks Watch App */,
				CC0725632B654830000D8780 /* MacLandmarks */,
			);
		};
/* End PBXProject section */

/* Begin PBXResourcesBuildPhase section */
		CC0725622B654830000D8780 /* Resources */ = {
			isa = PBXResourcesBuildPhase;
			buildActionMask = 2147483647;
			files = (
				CC07256E2B654831000D8780 /* Preview Assets.xcassets in Resources */,
				CC0725742B6549D3000D8780 /* hikeData.json in Resources */,
				CC0725772B6549D3000D8780 /* Assets.xcassets in Resources */,
				CC07257F2B6549D3000D8780 /* landmarkData.json in Resources */,
				CC07256B2B654831000D8780 /* Assets.xcassets in Resources */,
			);
			runOnlyForDeploymentPostprocessing = 0;
		};
		CC76C4C92AE95B52007D5433 /* Resources */ = {
			isa = PBXResourcesBuildPhase;
			buildActionMask = 2147483647;
			files = (
				CCF2A4202B18DE53000C405C /* hikeData.json in Resources */,
				CC76C4D62AE95B53007D5433 /* Preview Assets.xcassets in Resources */,
				CC76C4D32AE95B53007D5433 /* Assets.xcassets in Resources */,
				CC76C4E32AF29BB9007D5433 /* landmarkData.json in Resources */,
			);
			runOnlyForDeploymentPostprocessing = 0;
		};
		CCF2A4672B3B2A1F000C405C /* Resources */ = {
			isa = PBXResourcesBuildPhase;
			buildActionMask = 2147483647;
			files = (
				CCCABAE02B49A88800D843CD /* hikeData.json in Resources */,
				CCF2A4732B3B2A20000C405C /* Preview Assets.xcassets in Resources */,
				CCCABADF2B49A88800D843CD /* Assets.xcassets in Resources */,
				CCCABAE22B49A88800D843CD /* landmarkData.json in Resources */,
				CCF2A4702B3B2A20000C405C /* Assets.xcassets in Resources */,
			);
			runOnlyForDeploymentPostprocessing = 0;
		};
/* End PBXResourcesBuildPhase section */

/* Begin PBXSourcesBuildPhase section */
		CC0725602B654830000D8780 /* Sources */ = {
			isa = PBXSourcesBuildPhase;
			buildActionMask = 2147483647;
			files = (
				CC0725782B6549D3000D8780 /* Hike.swift in Sources */,
				CC07257B2B6549D3000D8780 /* CircleImage.swift in Sources */,
				CC07257C2B6549D3000D8780 /* ModelData.swift in Sources */,
				CC07257E2B6549D3000D8780 /* MapView.swift in Sources */,
				CC5A187F2B8F8A21009C9987 /* LandmarkCommands.swift in Sources */,
				CC0725812B6694AD000D8780 /* LandmarkDetail.swift in Sources */,
				CC0725792B6549D3000D8780 /* Profile.swift in Sources */,
				CC0725692B654830000D8780 /* ContentView.swift in Sources */,
				CC07257A2B6549D3000D8780 /* LandmarkList.swift in Sources */,
				CC0725732B6549D3000D8780 /* LandmarksApp.swift in Sources */,
				CC0725752B6549D3000D8780 /* Landmark.swift in Sources */,
				CC07257D2B6549D3000D8780 /* LandmarkRow.swift in Sources */,
				CC0725762B6549D3000D8780 /* FavoriteButton.swift in Sources */,
			);
			runOnlyForDeploymentPostprocessing = 0;
		};
		CC76C4C72AE95B52007D5433 /* Sources */ = {
			isa = PBXSourcesBuildPhase;
			buildActionMask = 2147483647;
			files = (
				CCF2A4302B28B46B000C405C /* CategoryRow.swift in Sources */,
				CCF2A4342B2F2EF1000C405C /* Profile.swift in Sources */,
				CC5A187E2B8F8A21009C9987 /* LandmarkCommands.swift in Sources */,
				CC76C4D12AE95B52007D5433 /* ContentView.swift in Sources */,
				CCF2A42E2B260F62000C405C /* CategoryHome.swift in Sources */,
				CCF2A4442B349242000C405C /* FeatureCard.swift in Sources */,
				CCF2A4292B18E1CC000C405C /* HikeGraph.swift in Sources */,
				CCF2A41D2B13823D000C405C /* Badge.swift in Sources */,
				CC76C4DF2AEFEFD6007D5433 /* MapView.swift in Sources */,
				CCF2A4282B18E1CC000C405C /* GraphCapsule.swift in Sources */,
				CC76C4CF2AE95B52007D5433 /* LandmarksApp.swift in Sources */,
				CCF2A4482B39BEA8000C405C /* PageControl.swift in Sources */,
				CCF2A4112B08FD65000C405C /* FavoriteButton.swift in Sources */,
				CCF2A4322B28B853000C405C /* CategoryItem.swift in Sources */,
				CCF2A42A2B18E1CC000C405C /* HikeDetail.swift in Sources */,
				CCF2A43B2B2F359A000C405C /* ProfileSummary.swift in Sources */,
				CCF2A4152B0A5291000C405C /* HexagonParameters.swift in Sources */,
				CCF2A4392B2F34F9000C405C /* ProfileHost.swift in Sources */,
				CCF2A4222B18DE7D000C405C /* Hike.swift in Sources */,
				CCF2A41B2B124FE7000C405C /* RotatedBadgeSymbol.swift in Sources */,
				CCF2A4462B349480000C405C /* PageView.swift in Sources */,
				CCF2A4192B124DB1000C405C /* BadgeSymbol.swift in Sources */,
				CCF2A43F2B31E3B9000C405C /* ProfileEditor.swift in Sources */,
				CC76C4EE2AF542D2007D5433 /* LandmarkList.swift in Sources */,
				CCF2A42B2B18E1CC000C405C /* HikeView.swift in Sources */,
				CC76C4F02AF6899A007D5433 /* LandmarkDetail.swift in Sources */,
				CCF2A4422B348D55000C405C /* PageViewController.swift in Sources */,
				CCF2A4172B0BAB4F000C405C /* BadgeBackground.swift in Sources */,
				CCF2A43D2B2F3B44000C405C /* HikeBadge.swift in Sources */,
				CC76C4DD2AEEA9AF007D5433 /* CircleImage.swift in Sources */,
				CC76C4E52AF29BD8007D5433 /* Landmark.swift in Sources */,
				CC76C4EC2AF3EEDC007D5433 /* LandmarkRow.swift in Sources */,
				CC76C4E72AF2A22F007D5433 /* ModelData.swift in Sources */,
			);
			runOnlyForDeploymentPostprocessing = 0;
		};
		CCF2A4652B3B2A1F000C405C /* Sources */ = {
			isa = PBXSourcesBuildPhase;
			buildActionMask = 2147483647;
			files = (
				CCCABAE42B49A88800D843CD /* Hike.swift in Sources */,
				CCCABADD2B49A88800D843CD /* LandmarkRow.swift in Sources */,
				CCCABAE12B49A88800D843CD /* MapView.swift in Sources */,
				CC5A187B2B8B816F009C9987 /* LandmarkList.swift in Sources */,
				CCF2A46E2B3B2A1F000C405C /* ContentView.swift in Sources */,
				CCCABAE62B49A88800D843CD /* ModelData.swift in Sources */,
				CCCABAE32B49A88800D843CD /* LandmarksApp.swift in Sources */,
				CCCABAE72B49A88800D843CD /* Profile.swift in Sources */,
				CCCABADE2B49A88800D843CD /* CircleImage.swift in Sources */,
				CC92DAFB2B63FE2300806987 /* NotificationController.swift in Sources */,
				CCCABAE82B49A88800D843CD /* Landmark.swift in Sources */,
				CCCABAEA2B5190B800D843CD /* LandmarkDetail.swift in Sources */,
				CC92DAF92B63FAA600806987 /* NotificationView.swift in Sources */,
			);
			runOnlyForDeploymentPostprocessing = 0;
		};
/* End PBXSourcesBuildPhase section */

/* Begin PBXTargetDependency section */
		CCF2A4752B3B2A20000C405C /* PBXTargetDependency */ = {
			isa = PBXTargetDependency;
			target = CCF2A4682B3B2A1F000C405C /* WatchLandmarks Watch App */;
			targetProxy = CCF2A4742B3B2A20000C405C /* PBXContainerItemProxy */;
		};
/* End PBXTargetDependency section */

/* Begin XCBuildConfiguration section */
		CC0725702B654831000D8780 /* Debug */ = {
			isa = XCBuildConfiguration;
			buildSettings = {
				ASSETCATALOG_COMPILER_APPICON_NAME = AppIcon;
				ASSETCATALOG_COMPILER_GENERATE_SWIFT_ASSET_SYMBOL_EXTENSIONS = YES;
				ASSETCATALOG_COMPILER_GLOBAL_ACCENT_COLOR_NAME = AccentColor;
				CODE_SIGN_ENTITLEMENTS = MacLandmarks/MacLandmarks.entitlements;
				CODE_SIGN_STYLE = Automatic;
				COMBINE_HIDPI_IMAGES = YES;
				CURRENT_PROJECT_VERSION = 1;
				DEAD_CODE_STRIPPING = YES;
				DEVELOPMENT_ASSET_PATHS = "\"MacLandmarks/Preview Content\"";
				ENABLE_PREVIEWS = YES;
				GCC_C_LANGUAGE_STANDARD = gnu17;
				GENERATE_INFOPLIST_FILE = YES;
				INFOPLIST_KEY_NSHumanReadableCopyright = "";
				LD_RUNPATH_SEARCH_PATHS = (
					"$(inherited)",
					"@executable_path/../Frameworks",
				);
				LOCALIZATION_PREFERS_STRING_CATALOGS = YES;
				MACOSX_DEPLOYMENT_TARGET = 14.2;
				MARKETING_VERSION = 1.0;
				PRODUCT_BUNDLE_IDENTIFIER = iPenta.MacLandmarks;
				PRODUCT_NAME = "$(TARGET_NAME)";
				SDKROOT = macosx;
				SWIFT_ACTIVE_COMPILATION_CONDITIONS = "DEBUG $(inherited)";
				SWIFT_EMIT_LOC_STRINGS = YES;
				SWIFT_VERSION = 5.0;
			};
			name = Debug;
		};
		CC0725712B654831000D8780 /* Release */ = {
			isa = XCBuildConfiguration;
			buildSettings = {
				ASSETCATALOG_COMPILER_APPICON_NAME = AppIcon;
				ASSETCATALOG_COMPILER_GENERATE_SWIFT_ASSET_SYMBOL_EXTENSIONS = YES;
				ASSETCATALOG_COMPILER_GLOBAL_ACCENT_COLOR_NAME = AccentColor;
				CODE_SIGN_ENTITLEMENTS = MacLandmarks/MacLandmarks.entitlements;
				CODE_SIGN_STYLE = Automatic;
				COMBINE_HIDPI_IMAGES = YES;
				CURRENT_PROJECT_VERSION = 1;
				DEAD_CODE_STRIPPING = YES;
				DEVELOPMENT_ASSET_PATHS = "\"MacLandmarks/Preview Content\"";
				ENABLE_PREVIEWS = YES;
				GCC_C_LANGUAGE_STANDARD = gnu17;
				GENERATE_INFOPLIST_FILE = YES;
				INFOPLIST_KEY_NSHumanReadableCopyright = "";
				LD_RUNPATH_SEARCH_PATHS = (
					"$(inherited)",
					"@executable_path/../Frameworks",
				);
				LOCALIZATION_PREFERS_STRING_CATALOGS = YES;
				MACOSX_DEPLOYMENT_TARGET = 14.2;
				MARKETING_VERSION = 1.0;
				PRODUCT_BUNDLE_IDENTIFIER = iPenta.MacLandmarks;
				PRODUCT_NAME = "$(TARGET_NAME)";
				SDKROOT = macosx;
				SWIFT_EMIT_LOC_STRINGS = YES;
				SWIFT_VERSION = 5.0;
			};
			name = Release;
		};
		CC76C4D72AE95B53007D5433 /* Debug */ = {
			isa = XCBuildConfiguration;
			buildSettings = {
				ALWAYS_SEARCH_USER_PATHS = NO;
				CLANG_ANALYZER_NONNULL = YES;
				CLANG_ANALYZER_NUMBER_OBJECT_CONVERSION = YES_AGGRESSIVE;
				CLANG_CXX_LANGUAGE_STANDARD = "gnu++20";
				CLANG_ENABLE_MODULES = YES;
				CLANG_ENABLE_OBJC_ARC = YES;
				CLANG_ENABLE_OBJC_WEAK = YES;
				CLANG_WARN_BLOCK_CAPTURE_AUTORELEASING = YES;
				CLANG_WARN_BOOL_CONVERSION = YES;
				CLANG_WARN_COMMA = YES;
				CLANG_WARN_CONSTANT_CONVERSION = YES;
				CLANG_WARN_DEPRECATED_OBJC_IMPLEMENTATIONS = YES;
				CLANG_WARN_DIRECT_OBJC_ISA_USAGE = YES_ERROR;
				CLANG_WARN_DOCUMENTATION_COMMENTS = YES;
				CLANG_WARN_EMPTY_BODY = YES;
				CLANG_WARN_ENUM_CONVERSION = YES;
				CLANG_WARN_INFINITE_RECURSION = YES;
				CLANG_WARN_INT_CONVERSION = YES;
				CLANG_WARN_NON_LITERAL_NULL_CONVERSION = YES;
				CLANG_WARN_OBJC_IMPLICIT_RETAIN_SELF = YES;
				CLANG_WARN_OBJC_LITERAL_CONVERSION = YES;
				CLANG_WARN_OBJC_ROOT_CLASS = YES_ERROR;
				CLANG_WARN_QUOTED_INCLUDE_IN_FRAMEWORK_HEADER = YES;
				CLANG_WARN_RANGE_LOOP_ANALYSIS = YES;
				CLANG_WARN_STRICT_PROTOTYPES = YES;
				CLANG_WARN_SUSPICIOUS_MOVE = YES;
				CLANG_WARN_UNGUARDED_AVAILABILITY = YES_AGGRESSIVE;
				CLANG_WARN_UNREACHABLE_CODE = YES;
				CLANG_WARN__DUPLICATE_METHOD_MATCH = YES;
				COPY_PHASE_STRIP = NO;
				DEBUG_INFORMATION_FORMAT = dwarf;
				ENABLE_STRICT_OBJC_MSGSEND = YES;
				ENABLE_TESTABILITY = YES;
				ENABLE_USER_SCRIPT_SANDBOXING = YES;
				GCC_C_LANGUAGE_STANDARD = gnu11;
				GCC_DYNAMIC_NO_PIC = NO;
				GCC_NO_COMMON_BLOCKS = YES;
				GCC_OPTIMIZATION_LEVEL = 0;
				GCC_PREPROCESSOR_DEFINITIONS = (
					"DEBUG=1",
					"$(inherited)",
				);
				GCC_WARN_64_TO_32_BIT_CONVERSION = YES;
				GCC_WARN_ABOUT_RETURN_TYPE = YES_ERROR;
				GCC_WARN_UNDECLARED_SELECTOR = YES;
				GCC_WARN_UNINITIALIZED_AUTOS = YES_AGGRESSIVE;
				GCC_WARN_UNUSED_FUNCTION = YES;
				GCC_WARN_UNUSED_VARIABLE = YES;
				IPHONEOS_DEPLOYMENT_TARGET = 17.0;
				MTL_ENABLE_DEBUG_INFO = INCLUDE_SOURCE;
				MTL_FAST_MATH = YES;
				ONLY_ACTIVE_ARCH = YES;
				SDKROOT = iphoneos;
				SWIFT_ACTIVE_COMPILATION_CONDITIONS = DEBUG;
				SWIFT_OPTIMIZATION_LEVEL = "-Onone";
			};
			name = Debug;
		};
		CC76C4D82AE95B53007D5433 /* Release */ = {
			isa = XCBuildConfiguration;
			buildSettings = {
				ALWAYS_SEARCH_USER_PATHS = NO;
				CLANG_ANALYZER_NONNULL = YES;
				CLANG_ANALYZER_NUMBER_OBJECT_CONVERSION = YES_AGGRESSIVE;
				CLANG_CXX_LANGUAGE_STANDARD = "gnu++20";
				CLANG_ENABLE_MODULES = YES;
				CLANG_ENABLE_OBJC_ARC = YES;
				CLANG_ENABLE_OBJC_WEAK = YES;
				CLANG_WARN_BLOCK_CAPTURE_AUTORELEASING = YES;
				CLANG_WARN_BOOL_CONVERSION = YES;
				CLANG_WARN_COMMA = YES;
				CLANG_WARN_CONSTANT_CONVERSION = YES;
				CLANG_WARN_DEPRECATED_OBJC_IMPLEMENTATIONS = YES;
				CLANG_WARN_DIRECT_OBJC_ISA_USAGE = YES_ERROR;
				CLANG_WARN_DOCUMENTATION_COMMENTS = YES;
				CLANG_WARN_EMPTY_BODY = YES;
				CLANG_WARN_ENUM_CONVERSION = YES;
				CLANG_WARN_INFINITE_RECURSION = YES;
				CLANG_WARN_INT_CONVERSION = YES;
				CLANG_WARN_NON_LITERAL_NULL_CONVERSION = YES;
				CLANG_WARN_OBJC_IMPLICIT_RETAIN_SELF = YES;
				CLANG_WARN_OBJC_LITERAL_CONVERSION = YES;
				CLANG_WARN_OBJC_ROOT_CLASS = YES_ERROR;
				CLANG_WARN_QUOTED_INCLUDE_IN_FRAMEWORK_HEADER = YES;
				CLANG_WARN_RANGE_LOOP_ANALYSIS = YES;
				CLANG_WARN_STRICT_PROTOTYPES = YES;
				CLANG_WARN_SUSPICIOUS_MOVE = YES;
				CLANG_WARN_UNGUARDED_AVAILABILITY = YES_AGGRESSIVE;
				CLANG_WARN_UNREACHABLE_CODE = YES;
				CLANG_WARN__DUPLICATE_METHOD_MATCH = YES;
				COPY_PHASE_STRIP = NO;
				DEBUG_INFORMATION_FORMAT = "dwarf-with-dsym";
				ENABLE_NS_ASSERTIONS = NO;
				ENABLE_STRICT_OBJC_MSGSEND = YES;
				ENABLE_USER_SCRIPT_SANDBOXING = YES;
				GCC_C_LANGUAGE_STANDARD = gnu11;
				GCC_NO_COMMON_BLOCKS = YES;
				GCC_WARN_64_TO_32_BIT_CONVERSION = YES;
				GCC_WARN_ABOUT_RETURN_TYPE = YES_ERROR;
				GCC_WARN_UNDECLARED_SELECTOR = YES;
				GCC_WARN_UNINITIALIZED_AUTOS = YES_AGGRESSIVE;
				GCC_WARN_UNUSED_FUNCTION = YES;
				GCC_WARN_UNUSED_VARIABLE = YES;
				IPHONEOS_DEPLOYMENT_TARGET = 17.0;
				MTL_ENABLE_DEBUG_INFO = NO;
				MTL_FAST_MATH = YES;
				SDKROOT = iphoneos;
				SWIFT_COMPILATION_MODE = wholemodule;
				SWIFT_OPTIMIZATION_LEVEL = "-O";
				VALIDATE_PRODUCT = YES;
			};
			name = Release;
		};
		CC76C4DA2AE95B53007D5433 /* Debug */ = {
			isa = XCBuildConfiguration;
			buildSettings = {
				ALWAYS_EMBED_SWIFT_STANDARD_LIBRARIES = YES;
				ASSETCATALOG_COMPILER_APPICON_NAME = AppIcon;
				ASSETCATALOG_COMPILER_GLOBAL_ACCENT_COLOR_NAME = AccentColor;
				CODE_SIGN_STYLE = Automatic;
				CURRENT_PROJECT_VERSION = 1;
				DEVELOPMENT_ASSET_PATHS = "\"Landmarks/Preview Content\"";
				DEVELOPMENT_TEAM = 4KZPG84M88;
				ENABLE_PREVIEWS = YES;
				GENERATE_INFOPLIST_FILE = YES;
				INFOPLIST_KEY_UIApplicationSceneManifest_Generation = YES;
				INFOPLIST_KEY_UIApplicationSupportsIndirectInputEvents = YES;
				INFOPLIST_KEY_UILaunchScreen_Generation = YES;
				INFOPLIST_KEY_UISupportedInterfaceOrientations_iPad = "UIInterfaceOrientationPortrait UIInterfaceOrientationPortraitUpsideDown UIInterfaceOrientationLandscapeLeft UIInterfaceOrientationLandscapeRight";
				INFOPLIST_KEY_UISupportedInterfaceOrientations_iPhone = "UIInterfaceOrientationPortrait UIInterfaceOrientationLandscapeLeft UIInterfaceOrientationLandscapeRight";
				LD_RUNPATH_SEARCH_PATHS = (
					"$(inherited)",
					"@executable_path/Frameworks",
				);
				MARKETING_VERSION = 1.0;
				PRODUCT_BUNDLE_IDENTIFIER = iPenta.Landmarks;
				PRODUCT_NAME = "$(TARGET_NAME)";
				SWIFT_EMIT_LOC_STRINGS = YES;
				SWIFT_VERSION = 5.0;
				TARGETED_DEVICE_FAMILY = "1,2";
			};
			name = Debug;
		};
		CC76C4DB2AE95B53007D5433 /* Release */ = {
			isa = XCBuildConfiguration;
			buildSettings = {
				ALWAYS_EMBED_SWIFT_STANDARD_LIBRARIES = YES;
				ASSETCATALOG_COMPILER_APPICON_NAME = AppIcon;
				ASSETCATALOG_COMPILER_GLOBAL_ACCENT_COLOR_NAME = AccentColor;
				CODE_SIGN_STYLE = Automatic;
				CURRENT_PROJECT_VERSION = 1;
				DEVELOPMENT_ASSET_PATHS = "\"Landmarks/Preview Content\"";
				DEVELOPMENT_TEAM = 4KZPG84M88;
				ENABLE_PREVIEWS = YES;
				GENERATE_INFOPLIST_FILE = YES;
				INFOPLIST_KEY_UIApplicationSceneManifest_Generation = YES;
				INFOPLIST_KEY_UIApplicationSupportsIndirectInputEvents = YES;
				INFOPLIST_KEY_UILaunchScreen_Generation = YES;
				INFOPLIST_KEY_UISupportedInterfaceOrientations_iPad = "UIInterfaceOrientationPortrait UIInterfaceOrientationPortraitUpsideDown UIInterfaceOrientationLandscapeLeft UIInterfaceOrientationLandscapeRight";
				INFOPLIST_KEY_UISupportedInterfaceOrientations_iPhone = "UIInterfaceOrientationPortrait UIInterfaceOrientationLandscapeLeft UIInterfaceOrientationLandscapeRight";
				LD_RUNPATH_SEARCH_PATHS = (
					"$(inherited)",
					"@executable_path/Frameworks",
				);
				MARKETING_VERSION = 1.0;
				PRODUCT_BUNDLE_IDENTIFIER = iPenta.Landmarks;
				PRODUCT_NAME = "$(TARGET_NAME)";
				SWIFT_EMIT_LOC_STRINGS = YES;
				SWIFT_VERSION = 5.0;
				TARGETED_DEVICE_FAMILY = "1,2";
			};
			name = Release;
		};
		CCF2A4782B3B2A20000C405C /* Debug */ = {
			isa = XCBuildConfiguration;
			buildSettings = {
				ASSETCATALOG_COMPILER_APPICON_NAME = AppIcon;
				ASSETCATALOG_COMPILER_GENERATE_SWIFT_ASSET_SYMBOL_EXTENSIONS = YES;
				ASSETCATALOG_COMPILER_GLOBAL_ACCENT_COLOR_NAME = AccentColor;
				CODE_SIGN_STYLE = Automatic;
				CURRENT_PROJECT_VERSION = 1;
				DEVELOPMENT_ASSET_PATHS = "\"WatchLandmarks Watch App/Preview Content\"";
				DEVELOPMENT_TEAM = 4KZPG84M88;
				ENABLE_PREVIEWS = YES;
				GCC_C_LANGUAGE_STANDARD = gnu17;
				GENERATE_INFOPLIST_FILE = YES;
				INFOPLIST_KEY_CFBundleDisplayName = WatchLandmarks;
				INFOPLIST_KEY_UISupportedInterfaceOrientations = "UIInterfaceOrientationPortrait UIInterfaceOrientationPortraitUpsideDown";
				INFOPLIST_KEY_WKCompanionAppBundleIdentifier = iPenta.Landmarks;
				INFOPLIST_KEY_WKRunsIndependentlyOfCompanionApp = YES;
				LD_RUNPATH_SEARCH_PATHS = (
					"$(inherited)",
					"@executable_path/Frameworks",
				);
				LOCALIZATION_PREFERS_STRING_CATALOGS = YES;
				MARKETING_VERSION = 1.0;
				PRODUCT_BUNDLE_IDENTIFIER = iPenta.Landmarks.watchkitapp;
				PRODUCT_NAME = "$(TARGET_NAME)";
				SDKROOT = watchos;
				SKIP_INSTALL = YES;
				SWIFT_ACTIVE_COMPILATION_CONDITIONS = "DEBUG $(inherited)";
				SWIFT_EMIT_LOC_STRINGS = YES;
				SWIFT_VERSION = 5.0;
				TARGETED_DEVICE_FAMILY = 4;
				WATCHOS_DEPLOYMENT_TARGET = 10.0;
			};
			name = Debug;
		};
		CCF2A4792B3B2A20000C405C /* Release */ = {
			isa = XCBuildConfiguration;
			buildSettings = {
				ASSETCATALOG_COMPILER_APPICON_NAME = AppIcon;
				ASSETCATALOG_COMPILER_GENERATE_SWIFT_ASSET_SYMBOL_EXTENSIONS = YES;
				ASSETCATALOG_COMPILER_GLOBAL_ACCENT_COLOR_NAME = AccentColor;
				CODE_SIGN_STYLE = Automatic;
				CURRENT_PROJECT_VERSION = 1;
				DEVELOPMENT_ASSET_PATHS = "\"WatchLandmarks Watch App/Preview Content\"";
				DEVELOPMENT_TEAM = 4KZPG84M88;
				ENABLE_PREVIEWS = YES;
				GCC_C_LANGUAGE_STANDARD = gnu17;
				GENERATE_INFOPLIST_FILE = YES;
				INFOPLIST_KEY_CFBundleDisplayName = WatchLandmarks;
				INFOPLIST_KEY_UISupportedInterfaceOrientations = "UIInterfaceOrientationPortrait UIInterfaceOrientationPortraitUpsideDown";
				INFOPLIST_KEY_WKCompanionAppBundleIdentifier = iPenta.Landmarks;
				INFOPLIST_KEY_WKRunsIndependentlyOfCompanionApp = YES;
				LD_RUNPATH_SEARCH_PATHS = (
					"$(inherited)",
					"@executable_path/Frameworks",
				);
				LOCALIZATION_PREFERS_STRING_CATALOGS = YES;
				MARKETING_VERSION = 1.0;
				PRODUCT_BUNDLE_IDENTIFIER = iPenta.Landmarks.watchkitapp;
				PRODUCT_NAME = "$(TARGET_NAME)";
				SDKROOT = watchos;
				SKIP_INSTALL = YES;
				SWIFT_EMIT_LOC_STRINGS = YES;
				SWIFT_VERSION = 5.0;
				TARGETED_DEVICE_FAMILY = 4;
				WATCHOS_DEPLOYMENT_TARGET = 10.0;
			};
			name = Release;
		};
/* End XCBuildConfiguration section */

/* Begin XCConfigurationList section */
		CC0725722B654831000D8780 /* Build configuration list for PBXNativeTarget "MacLandmarks" */ = {
			isa = XCConfigurationList;
			buildConfigurations = (
				CC0725702B654831000D8780 /* Debug */,
				CC0725712B654831000D8780 /* Release */,
			);
			defaultConfigurationIsVisible = 0;
			defaultConfigurationName = Release;
		};
		CC76C4C62AE95B52007D5433 /* Build configuration list for PBXProject "Landmarks" */ = {
			isa = XCConfigurationList;
			buildConfigurations = (
				CC76C4D72AE95B53007D5433 /* Debug */,
				CC76C4D82AE95B53007D5433 /* Release */,
			);
			defaultConfigurationIsVisible = 0;
			defaultConfigurationName = Release;
		};
		CC76C4D92AE95B53007D5433 /* Build configuration list for PBXNativeTarget "Landmarks" */ = {
			isa = XCConfigurationList;
			buildConfigurations = (
				CC76C4DA2AE95B53007D5433 /* Debug */,
				CC76C4DB2AE95B53007D5433 /* Release */,
			);
			defaultConfigurationIsVisible = 0;
			defaultConfigurationName = Release;
		};
		CCF2A47A2B3B2A20000C405C /* Build configuration list for PBXNativeTarget "WatchLandmarks Watch App" */ = {
			isa = XCConfigurationList;
			buildConfigurations = (
				CCF2A4782B3B2A20000C405C /* Debug */,
				CCF2A4792B3B2A20000C405C /* Release */,
			);
			defaultConfigurationIsVisible = 0;
			defaultConfigurationName = Release;
		};
/* End XCConfigurationList section */
	};
	rootObject = CC76C4C32AE95B52007D5433 /* Project object */;
}
